
Microsoft Visual Studio Solution File, Format Version 12.00
# Visual Studio Version 17
VisualStudioVersion = 17.14.36127.28 d17.14
MinimumVisualStudioVersion = 10.0.40219.1
Project("{E24C65DC-7377-472B-9ABA-BC803B73C61A}") = "http://videoservice.loeries.co.za", "http://videoservice.loeries.co.za", "{EBBBCBB2-A0CA-4992-8011-DB51D2E0A795}"
	ProjectSection(WebsiteProperties) = preProject
		UseIISExpress = "false"
		TargetFrameworkMoniker = ".NETFramework,Version%3Dv4.8"
		Debug.AspNetCompiler.VirtualPath = "/videoservice.loeries.co.za"
		Debug.AspNetCompiler.PhysicalPath = "..\MechanaXVideo\"
		Debug.AspNetCompiler.TargetPath = "PrecompiledWeb\videoservice.loeries.co.za\"
		Debug.AspNetCompiler.Updateable = "true"
		Debug.AspNetCompiler.ForceOverwrite = "true"
		Debug.AspNetCompiler.FixedNames = "false"
		Debug.AspNetCompiler.Debug = "True"
		Release.AspNetCompiler.VirtualPath = "/videoservice.loeries.co.za"
		Release.AspNetCompiler.PhysicalPath = "..\MechanaXVideo\"
		Release.AspNetCompiler.TargetPath = "PrecompiledWeb\videoservice.loeries.co.za\"
		Release.AspNetCompiler.Updateable = "true"
		Release.AspNetCompiler.ForceOverwrite = "true"
		Release.AspNetCompiler.FixedNames = "false"
		Release.AspNetCompiler.Debug = "False"
		SlnRelativePath = "..\MechanaXVideo\"
	EndProjectSection
	ProjectSection(WebsiteProperties) = preProject
		UseIISExpress = "false"
		TargetFrameworkMoniker = ".NETFramework,Version%3Dv4.0"
		Debug.AspNetCompiler.VirtualPath = "/videoservice.loeries.co.za"
		Debug.AspNetCompiler.PhysicalPath = "..\MechanaXVideo\"
		Debug.AspNetCompiler.TargetPath = "PrecompiledWeb\videoservice.loeries.co.za\"
		Debug.AspNetCompiler.Updateable = "true"
		Debug.AspNetCompiler.ForceOverwrite = "true"
		Debug.AspNetCompiler.FixedNames = "false"
		Debug.AspNetCompiler.Debug = "True"
		Release.AspNetCompiler.VirtualPath = "/videoservice.loeries.co.za"
		Release.AspNetCompiler.PhysicalPath = "..\MechanaXVideo\"
		Release.AspNetCompiler.TargetPath = "PrecompiledWeb\videoservice.loeries.co.za\"
		Release.AspNetCompiler.Updateable = "true"
		Release.AspNetCompiler.ForceOverwrite = "true"
		Release.AspNetCompiler.FixedNames = "false"
		Release.AspNetCompiler.Debug = "False"
		SlnRelativePath = "..\MechanaXVideo\"
	EndProjectSection
EndProject
Project("{FAE04EC0-301F-11D3-BF4B-00C04F79EFBC}") = "MechanaXVideo", "MechanaXVideo\MechanaXVideo.csproj", "{7D050F3C-478C-4C22-8521-C84B42C017CE}"
EndProject
Global
	GlobalSection(SolutionConfigurationPlatforms) = preSolution
		Debug|Any CPU = Debug|Any CPU
		Release|Any CPU = Release|Any CPU
	EndGlobalSection
	GlobalSection(ProjectConfigurationPlatforms) = postSolution
		{EBBBCBB2-A0CA-4992-8011-DB51D2E0A795}.Debug|Any CPU.ActiveCfg = Debug|Any CPU
		{EBBBCBB2-A0CA-4992-8011-DB51D2E0A795}.Debug|Any CPU.Build.0 = Debug|Any CPU
		{EBBBCBB2-A0CA-4992-8011-DB51D2E0A795}.Release|Any CPU.ActiveCfg = Debug|Any CPU
		{7D050F3C-478C-4C22-8521-C84B42C017CE}.Debug|Any CPU.ActiveCfg = Debug|Any CPU
		{7D050F3C-478C-4C22-8521-C84B42C017CE}.Debug|Any CPU.Build.0 = Debug|Any CPU
		{7D050F3C-478C-4C22-8521-C84B42C017CE}.Release|Any CPU.ActiveCfg = Release|Any CPU
		{7D050F3C-478C-4C22-8521-C84B42C017CE}.Release|Any CPU.Build.0 = Release|Any CPU
	EndGlobalSection
	GlobalSection(SolutionProperties) = preSolution
		HideSolutionNode = FALSE
	EndGlobalSection
	GlobalSection(ExtensibilityGlobals) = postSolution
		SolutionGuid = {5CB089D3-937D-4170-A384-28E04BCB67DA}
	EndGlobalSection
EndGlobal
